
Microsoft Visual Studio Solution File, Format Version 11.00
# Visual Studio 2010
Project("{FAE04EC0-301F-11D3-BF4B-00C04F79EFBC}") = "inheritance", "inheritance\inheritance.csproj", "{0DF593D5-FA9C-4E48-B3A4-F5C323C722A9}"
EndProject
Global
	GlobalSection(SolutionConfigurationPlatforms) = preSolution
		Debug|x86 = Debug|x86
		Release|x86 = Release|x86
	EndGlobalSection
	GlobalSection(ProjectConfigurationPlatforms) = postSolution
		{0DF593D5-FA9C-4E48-B3A4-F5C323C722A9}.Debug|x86.ActiveCfg = Debug|x86
		{0DF593D5-FA9C-4E48-B3A4-F5C323C722A9}.Debug|x86.Build.0 = Debug|x86
		{0DF593D5-FA9C-4E48-B3A4-F5C323C722A9}.Release|x86.ActiveCfg = Release|x86
		{0DF593D5-FA9C-4E48-B3A4-F5C323C722A9}.Release|x86.Build.0 = Release|x86
	EndGlobalSection
	GlobalSection(SolutionProperties) = preSolution
		HideSolutionNode = FALSE
	EndGlobalSection
EndGlobal
